
Microsoft Visual Studio Solution File, Format Version 12.00
# Visual Studio Version 17
VisualStudioVersion = 17.3.32825.248
MinimumVisualStudioVersion = 10.0.40219.1
Project("{9A19103F-16F7-4668-BE54-9A1E7A4F7556}") = "module-3", "module-3\module-3.csproj", "{6E528A00-133F-4CC5-85F5-8E7C5ECD139B}"
EndProject
Project("{2150E333-8FDC-42A3-9474-1A3956D46DE8}") = "Элементы решения", "Элементы решения", "{9131C910-40C6-4539-9282-4D5DC4B1BA58}"
	ProjectSection(SolutionItems) = preProject
		.gitignore = .gitignore
	EndProjectSection
EndProject
Project("{FAE04EC0-301F-11D3-BF4B-00C04F79EFBC}") = "Semaphore", "Semaphore\Semaphore.csproj", "{1D9486C8-CA29-4477-B6F2-1558AB39D913}"
EndProject
Global
	GlobalSection(SolutionConfigurationPlatforms) = preSolution
		Debug|Any CPU = Debug|Any CPU
		Release|Any CPU = Release|Any CPU
	EndGlobalSection
	GlobalSection(ProjectConfigurationPlatforms) = postSolution
		{6E528A00-133F-4CC5-85F5-8E7C5ECD139B}.Debug|Any CPU.ActiveCfg = Debug|Any CPU
		{6E528A00-133F-4CC5-85F5-8E7C5ECD139B}.Debug|Any CPU.Build.0 = Debug|Any CPU
		{6E528A00-133F-4CC5-85F5-8E7C5ECD139B}.Release|Any CPU.ActiveCfg = Release|Any CPU
		{6E528A00-133F-4CC5-85F5-8E7C5ECD139B}.Release|Any CPU.Build.0 = Release|Any CPU
		{1D9486C8-CA29-4477-B6F2-1558AB39D913}.Debug|Any CPU.ActiveCfg = Debug|Any CPU
		{1D9486C8-CA29-4477-B6F2-1558AB39D913}.Debug|Any CPU.Build.0 = Debug|Any CPU
		{1D9486C8-CA29-4477-B6F2-1558AB39D913}.Release|Any CPU.ActiveCfg = Release|Any CPU
		{1D9486C8-CA29-4477-B6F2-1558AB39D913}.Release|Any CPU.Build.0 = Release|Any CPU
	EndGlobalSection
	GlobalSection(SolutionProperties) = preSolution
		HideSolutionNode = FALSE
	EndGlobalSection
	GlobalSection(NestedProjects) = preSolution
		{1D9486C8-CA29-4477-B6F2-1558AB39D913} = {9131C910-40C6-4539-9282-4D5DC4B1BA58}
	EndGlobalSection
	GlobalSection(ExtensibilityGlobals) = postSolution
		SolutionGuid = {916D1521-CBE2-4EA8-8B5C-A91E47CEDC13}
	EndGlobalSection
EndGlobal
